// !$*UTF8*$!
{
	archiveVersion = 1;
	classes = {
	};
	objectVersion = 56;
	objects = {

/* Begin PBXBuildFile section */
		AF9D949B2AC0AB49002571BE /* AppDelegate.swift in Sources */ = {isa = PBXBuildFile; fileRef = AF9D949A2AC0AB49002571BE /* AppDelegate.swift */; };
		AF9D949D2AC0AB49002571BE /* SceneDelegate.swift in Sources */ = {isa = PBXBuildFile; fileRef = AF9D949C2AC0AB49002571BE /* SceneDelegate.swift */; };
		AF9D949F2AC0AB49002571BE /* Anasayfa.swift in Sources */ = {isa = PBXBuildFile; fileRef = AF9D949E2AC0AB49002571BE /* Anasayfa.swift */; };
		AF9D94A22AC0AB49002571BE /* Main.storyboard in Resources */ = {isa = PBXBuildFile; fileRef = AF9D94A02AC0AB49002571BE /* Main.storyboard */; };
		AF9D94A42AC0AB4A002571BE /* Assets.xcassets in Resources */ = {isa = PBXBuildFile; fileRef = AF9D94A32AC0AB4A002571BE /* Assets.xcassets */; };
		AF9D94A72AC0AB4A002571BE /* LaunchScreen.storyboard in Resources */ = {isa = PBXBuildFile; fileRef = AF9D94A52AC0AB4A002571BE /* LaunchScreen.storyboard */; };
		AF9D94AF2AC0AC29002571BE /* Filmler.swift in Sources */ = {isa = PBXBuildFile; fileRef = AF9D94AE2AC0AC29002571BE /* Filmler.swift */; };
		AF9D94B12AC0B279002571BE /* FilmlerHucre.swift in Sources */ = {isa = PBXBuildFile; fileRef = AF9D94B02AC0B279002571BE /* FilmlerHucre.swift */; };
		AF9D94B32AC0B875002571BE /* Detay.swift in Sources */ = {isa = PBXBuildFile; fileRef = AF9D94B22AC0B875002571BE /* Detay.swift */; };
/* End PBXBuildFile section */

/* Begin PBXFileReference section */
		AF9D94972AC0AB49002571BE /* FilmlerApp.app */ = {isa = PBXFileReference; explicitFileType = wrapper.application; includeInIndex = 0; path = FilmlerApp.app; sourceTree = BUILT_PRODUCTS_DIR; };
		AF9D949A2AC0AB49002571BE /* AppDelegate.swift */ = {isa = PBXFileReference; lastKnownFileType = sourcecode.swift; path = AppDelegate.swift; sourceTree = "<group>"; };
		AF9D949C2AC0AB49002571BE /* SceneDelegate.swift */ = {isa = PBXFileReference; lastKnownFileType = sourcecode.swift; path = SceneDelegate.swift; sourceTree = "<group>"; };
		AF9D949E2AC0AB49002571BE /* Anasayfa.swift */ = {isa = PBXFileReference; lastKnownFileType = sourcecode.swift; path = Anasayfa.swift; sourceTree = "<group>"; };
		AF9D94A12AC0AB49002571BE /* Base */ = {isa = PBXFileReference; lastKnownFileType = file.storyboard; name = Base; path = Base.lproj/Main.storyboard; sourceTree = "<group>"; };
		AF9D94A32AC0AB4A002571BE /* Assets.xcassets */ = {isa = PBXFileReference; lastKnownFileType = folder.assetcatalog; path = Assets.xcassets; sourceTree = "<group>"; };
		AF9D94A62AC0AB4A002571BE /* Base */ = {isa = PBXFileReference; lastKnownFileType = file.storyboard; name = Base; path = Base.lproj/LaunchScreen.storyboard; sourceTree = "<group>"; };
		AF9D94A82AC0AB4A002571BE /* Info.plist */ = {isa = PBXFileReference; lastKnownFileType = text.plist.xml; path = Info.plist; sourceTree = "<group>"; };
		AF9D94AE2AC0AC29002571BE /* Filmler.swift */ = {isa = PBXFileReference; lastKnownFileType = sourcecode.swift; path = Filmler.swift; sourceTree = "<group>"; };
		AF9D94B02AC0B279002571BE /* FilmlerHucre.swift */ = {isa = PBXFileReference; lastKnownFileType = sourcecode.swift; path = FilmlerHucre.swift; sourceTree = "<group>"; };
		AF9D94B22AC0B875002571BE /* Detay.swift */ = {isa = PBXFileReference; lastKnownFileType = sourcecode.swift; path = Detay.swift; sourceTree = "<group>"; };
/* End PBXFileReference section */

/* Begin PBXFrameworksBuildPhase section */
		AF9D94942AC0AB49002571BE /* Frameworks */ = {
			isa = PBXFrameworksBuildPhase;
			buildActionMask = 2147483647;
			files = (
			);
			runOnlyForDeploymentPostprocessing = 0;
		};
/* End PBXFrameworksBuildPhase section */

/* Begin PBXGroup section */
		AF9D948E2AC0AB49002571BE = {
			isa = PBXGroup;
			children = (
				AF9D94992AC0AB49002571BE /* FilmlerApp */,
				AF9D94982AC0AB49002571BE /* Products */,
			);
			sourceTree = "<group>";
		};
		AF9D94982AC0AB49002571BE /* Products */ = {
			isa = PBXGroup;
			children = (
				AF9D94972AC0AB49002571BE /* FilmlerApp.app */,
			);
			name = Products;
			sourceTree = "<group>";
		};
		AF9D94992AC0AB49002571BE /* FilmlerApp */ = {
			isa = PBXGroup;
			children = (
				AF9D949A2AC0AB49002571BE /* AppDelegate.swift */,
				AF9D949C2AC0AB49002571BE /* SceneDelegate.swift */,
				AF9D949E2AC0AB49002571BE /* Anasayfa.swift */,
				AF9D94AE2AC0AC29002571BE /* Filmler.swift */,
				AF9D94B02AC0B279002571BE /* FilmlerHucre.swift */,
				AF9D94B22AC0B875002571BE /* Detay.swift */,
				AF9D94A02AC0AB49002571BE /* Main.storyboard */,
				AF9D94A32AC0AB4A002571BE /* Assets.xcassets */,
				AF9D94A52AC0AB4A002571BE /* LaunchScreen.storyboard */,
				AF9D94A82AC0AB4A002571BE /* Info.plist */,
			);
			path = FilmlerApp;
			sourceTree = "<group>";
		};
/* End PBXGroup section */

/* Begin PBXNativeTarget section */
		AF9D94962AC0AB49002571BE /* FilmlerApp */ = {
			isa = PBXNativeTarget;
			buildConfigurationList = AF9D94AB2AC0AB4A002571BE /* Build configuration list for PBXNativeTarget "FilmlerApp" */;
			buildPhases = (
				AF9D94932AC0AB49002571BE /* Sources */,
				AF9D94942AC0AB49002571BE /* Frameworks */,
				AF9D94952AC0AB49002571BE /* Resources */,
			);
			buildRules = (
			);
			dependencies = (
			);
			name = FilmlerApp;
			productName = FilmlerApp;
			productReference = AF9D94972AC0AB49002571BE /* FilmlerApp.app */;
			productType = "com.apple.product-type.application";
		};
/* End PBXNativeTarget section */

/* Begin PBXProject section */
		AF9D948F2AC0AB49002571BE /* Project object */ = {
			isa = PBXProject;
			attributes = {
				BuildIndependentTargetsInParallel = 1;
				LastSwiftUpdateCheck = 1500;
				LastUpgradeCheck = 1500;
				TargetAttributes = {
					AF9D94962AC0AB49002571BE = {
						CreatedOnToolsVersion = 15.0;
					};
				};
			};
			buildConfigurationList = AF9D94922AC0AB49002571BE /* Build configuration list for PBXProject "FilmlerApp" */;
			compatibilityVersion = "Xcode 14.0";
			developmentRegion = en;
			hasScannedForEncodings = 0;
			knownRegions = (
				en,
				Base,
			);
			mainGroup = AF9D948E2AC0AB49002571BE;
			productRefGroup = AF9D94982AC0AB49002571BE /* Products */;
			projectDirPath = "";
			projectRoot = "";
			targets = (
				AF9D94962AC0AB49002571BE /* FilmlerApp */,
			);
		};
/* End PBXProject section */

/* Begin PBXResourcesBuildPhase section */
		AF9D94952AC0AB49002571BE /* Resources */ = {
			isa = PBXResourcesBuildPhase;
			buildActionMask = 2147483647;
			files = (
				AF9D94A72AC0AB4A002571BE /* LaunchScreen.storyboard in Resources */,
				AF9D94A42AC0AB4A002571BE /* Assets.xcassets in Resources */,
				AF9D94A22AC0AB49002571BE /* Main.storyboard in Resources */,
			);
			runOnlyForDeploymentPostprocessing = 0;
		};
/* End PBXResourcesBuildPhase section */

/* Begin PBXSourcesBuildPhase section */
		AF9D94932AC0AB49002571BE /* Sources */ = {
			isa = PBXSourcesBuildPhase;
			buildActionMask = 2147483647;
			files = (
				AF9D949F2AC0AB49002571BE /* Anasayfa.swift in Sources */,
				AF9D949B2AC0AB49002571BE /* AppDelegate.swift in Sources */,
				AF9D949D2AC0AB49002571BE /* SceneDelegate.swift in Sources */,
				AF9D94B12AC0B279002571BE /* FilmlerHucre.swift in Sources */,
				AF9D94AF2AC0AC29002571BE /* Filmler.swift in Sources */,
				AF9D94B32AC0B875002571BE /* Detay.swift in Sources */,
			);
			runOnlyForDeploymentPostprocessing = 0;
		};
/* End PBXSourcesBuildPhase section */

/* Begin PBXVariantGroup section */
		AF9D94A02AC0AB49002571BE /* Main.storyboard */ = {
			isa = PBXVariantGroup;
			children = (
				AF9D94A12AC0AB49002571BE /* Base */,
			);
			name = Main.storyboard;
			sourceTree = "<group>";
		};
		AF9D94A52AC0AB4A002571BE /* LaunchScreen.storyboard */ = {
			isa = PBXVariantGroup;
			children = (
				AF9D94A62AC0AB4A002571BE /* Base */,
			);
			name = LaunchScreen.storyboard;
			sourceTree = "<group>";
		};
/* End PBXVariantGroup section */

/* Begin XCBuildConfiguration section */
		AF9D94A92AC0AB4A002571BE /* Debug */ = {
			isa = XCBuildConfiguration;
			buildSettings = {
				ALWAYS_SEARCH_USER_PATHS = NO;
				ASSETCATALOG_COMPILER_GENERATE_SWIFT_ASSET_SYMBOL_EXTENSIONS = YES;
				CLANG_ANALYZER_NONNULL = YES;
				CLANG_ANALYZER_NUMBER_OBJECT_CONVERSION = YES_AGGRESSIVE;
				CLANG_CXX_LANGUAGE_STANDARD = "gnu++20";
				CLANG_ENABLE_MODULES = YES;
				CLANG_ENABLE_OBJC_ARC = YES;
				CLANG_ENABLE_OBJC_WEAK = YES;
				CLANG_WARN_BLOCK_CAPTURE_AUTORELEASING = YES;
				CLANG_WARN_BOOL_CONVERSION = YES;
				CLANG_WARN_COMMA = YES;
				CLANG_WARN_CONSTANT_CONVERSION = YES;
				CLANG_WARN_DEPRECATED_OBJC_IMPLEMENTATIONS = YES;
				CLANG_WARN_DIRECT_OBJC_ISA_USAGE = YES_ERROR;
				CLANG_WARN_DOCUMENTATION_COMMENTS = YES;
				CLANG_WARN_EMPTY_BODY = YES;
				CLANG_WARN_ENUM_CONVERSION = YES;
				CLANG_WARN_INFINITE_RECURSION = YES;
				CLANG_WARN_INT_CONVERSION = YES;
				CLANG_WARN_NON_LITERAL_NULL_CONVERSION = YES;
				CLANG_WARN_OBJC_IMPLICIT_RETAIN_SELF = YES;
				CLANG_WARN_OBJC_LITERAL_CONVERSION = YES;
				CLANG_WARN_OBJC_ROOT_CLASS = YES_ERROR;
				CLANG_WARN_QUOTED_INCLUDE_IN_FRAMEWORK_HEADER = YES;
				CLANG_WARN_RANGE_LOOP_ANALYSIS = YES;
				CLANG_WARN_STRICT_PROTOTYPES = YES;
				CLANG_WARN_SUSPICIOUS_MOVE = YES;
				CLANG_WARN_UNGUARDED_AVAILABILITY = YES_AGGRESSIVE;
				CLANG_WARN_UNREACHABLE_CODE = YES;
				CLANG_WARN__DUPLICATE_METHOD_MATCH = YES;
				COPY_PHASE_STRIP = NO;
				DEBUG_INFORMATION_FORMAT = dwarf;
				ENABLE_STRICT_OBJC_MSGSEND = YES;
				ENABLE_TESTABILITY = YES;
				ENABLE_USER_SCRIPT_SANDBOXING = YES;
				GCC_C_LANGUAGE_STANDARD = gnu17;
				GCC_DYNAMIC_NO_PIC = NO;
				GCC_NO_COMMON_BLOCKS = YES;
				GCC_OPTIMIZATION_LEVEL = 0;
				GCC_PREPROCESSOR_DEFINITIONS = (
					"DEBUG=1",
					"$(inherited)",
				);
				GCC_WARN_64_TO_32_BIT_CONVERSION = YES;
				GCC_WARN_ABOUT_RETURN_TYPE = YES_ERROR;
				GCC_WARN_UNDECLARED_SELECTOR = YES;
				GCC_WARN_UNINITIALIZED_AUTOS = YES_AGGRESSIVE;
				GCC_WARN_UNUSED_FUNCTION = YES;
				GCC_WARN_UNUSED_VARIABLE = YES;
				IPHONEOS_DEPLOYMENT_TARGET = 17.0;
				LOCALIZATION_PREFERS_STRING_CATALOGS = YES;
				MTL_ENABLE_DEBUG_INFO = INCLUDE_SOURCE;
				MTL_FAST_MATH = YES;
				ONLY_ACTIVE_ARCH = YES;
				SDKROOT = iphoneos;
				SWIFT_ACTIVE_COMPILATION_CONDITIONS = "DEBUG $(inherited)";
				SWIFT_OPTIMIZATION_LEVEL = "-Onone";
			};
			name = Debug;
		};
		AF9D94AA2AC0AB4A002571BE /* Release */ = {
			isa = XCBuildConfiguration;
			buildSettings = {
				ALWAYS_SEARCH_USER_PATHS = NO;
				ASSETCATALOG_COMPILER_GENERATE_SWIFT_ASSET_SYMBOL_EXTENSIONS = YES;
				CLANG_ANALYZER_NONNULL = YES;
				CLANG_ANALYZER_NUMBER_OBJECT_CONVERSION = YES_AGGRESSIVE;
				CLANG_CXX_LANGUAGE_STANDARD = "gnu++20";
				CLANG_ENABLE_MODULES = YES;
				CLANG_ENABLE_OBJC_ARC = YES;
				CLANG_ENABLE_OBJC_WEAK = YES;
				CLANG_WARN_BLOCK_CAPTURE_AUTORELEASING = YES;
				CLANG_WARN_BOOL_CONVERSION = YES;
				CLANG_WARN_COMMA = YES;
				CLANG_WARN_CONSTANT_CONVERSION = YES;
				CLANG_WARN_DEPRECATED_OBJC_IMPLEMENTATIONS = YES;
				CLANG_WARN_DIRECT_OBJC_ISA_USAGE = YES_ERROR;
				CLANG_WARN_DOCUMENTATION_COMMENTS = YES;
				CLANG_WARN_EMPTY_BODY = YES;
				CLANG_WARN_ENUM_CONVERSION = YES;
				CLANG_WARN_INFINITE_RECURSION = YES;
				CLANG_WARN_INT_CONVERSION = YES;
				CLANG_WARN_NON_LITERAL_NULL_CONVERSION = YES;
				CLANG_WARN_OBJC_IMPLICIT_RETAIN_SELF = YES;
				CLANG_WARN_OBJC_LITERAL_CONVERSION = YES;
				CLANG_WARN_OBJC_ROOT_CLASS = YES_ERROR;
				CLANG_WARN_QUOTED_INCLUDE_IN_FRAMEWORK_HEADER = YES;
				CLANG_WARN_RANGE_LOOP_ANALYSIS = YES;
				CLANG_WARN_STRICT_PROTOTYPES = YES;
				CLANG_WARN_SUSPICIOUS_MOVE = YES;
				CLANG_WARN_UNGUARDED_AVAILABILITY = YES_AGGRESSIVE;
				CLANG_WARN_UNREACHABLE_CODE = YES;
				CLANG_WARN__DUPLICATE_METHOD_MATCH = YES;
				COPY_PHASE_STRIP = NO;
				DEBUG_INFORMATION_FORMAT = "dwarf-with-dsym";
				ENABLE_NS_ASSERTIONS = NO;
				ENABLE_STRICT_OBJC_MSGSEND = YES;
				ENABLE_USER_SCRIPT_SANDBOXING = YES;
				GCC_C_LANGUAGE_STANDARD = gnu17;
				GCC_NO_COMMON_BLOCKS = YES;
				GCC_WARN_64_TO_32_BIT_CONVERSION = YES;
				GCC_WARN_ABOUT_RETURN_TYPE = YES_ERROR;
				GCC_WARN_UNDECLARED_SELECTOR = YES;
				GCC_WARN_UNINITIALIZED_AUTOS = YES_AGGRESSIVE;
				GCC_WARN_UNUSED_FUNCTION = YES;
				GCC_WARN_UNUSED_VARIABLE = YES;
				IPHONEOS_DEPLOYMENT_TARGET = 17.0;
				LOCALIZATION_PREFERS_STRING_CATALOGS = YES;
				MTL_ENABLE_DEBUG_INFO = NO;
				MTL_FAST_MATH = YES;
				SDKROOT = iphoneos;
				SWIFT_COMPILATION_MODE = wholemodule;
				VALIDATE_PRODUCT = YES;
			};
			name = Release;
		};
		AF9D94AC2AC0AB4A002571BE /* Debug */ = {
			isa = XCBuildConfiguration;
			buildSettings = {
				ASSETCATALOG_COMPILER_APPICON_NAME = AppIcon;
				ASSETCATALOG_COMPILER_GLOBAL_ACCENT_COLOR_NAME = AccentColor;
				CODE_SIGN_STYLE = Automatic;
				CURRENT_PROJECT_VERSION = 1;
				GENERATE_INFOPLIST_FILE = YES;
				INFOPLIST_FILE = FilmlerApp/Info.plist;
				INFOPLIST_KEY_UIApplicationSupportsIndirectInputEvents = YES;
				INFOPLIST_KEY_UILaunchStoryboardName = LaunchScreen;
				INFOPLIST_KEY_UIMainStoryboardFile = Main;
				INFOPLIST_KEY_UISupportedInterfaceOrientations_iPad = "UIInterfaceOrientationPortrait UIInterfaceOrientationPortraitUpsideDown UIInterfaceOrientationLandscapeLeft UIInterfaceOrientationLandscapeRight";
				INFOPLIST_KEY_UISupportedInterfaceOrientations_iPhone = "UIInterfaceOrientationPortrait UIInterfaceOrientationLandscapeLeft UIInterfaceOrientationLandscapeRight";
				LD_RUNPATH_SEARCH_PATHS = (
					"$(inherited)",
					"@executable_path/Frameworks",
				);
				MARKETING_VERSION = 1.0;
				PRODUCT_BUNDLE_IDENTIFIER = resedat.FilmlerApp;
				PRODUCT_NAME = "$(TARGET_NAME)";
				SWIFT_EMIT_LOC_STRINGS = YES;
				SWIFT_VERSION = 5.0;
				TARGETED_DEVICE_FAMILY = "1,2";
			};
			name = Debug;
		};
		AF9D94AD2AC0AB4A002571BE /* Release */ = {
			isa = XCBuildConfiguration;
			buildSettings = {
				ASSETCATALOG_COMPILER_APPICON_NAME = AppIcon;
				ASSETCATALOG_COMPILER_GLOBAL_ACCENT_COLOR_NAME = AccentColor;
				CODE_SIGN_STYLE = Automatic;
				CURRENT_PROJECT_VERSION = 1;
				GENERATE_INFOPLIST_FILE = YES;
				INFOPLIST_FILE = FilmlerApp/Info.plist;
				INFOPLIST_KEY_UIApplicationSupportsIndirectInputEvents = YES;
				INFOPLIST_KEY_UILaunchStoryboardName = LaunchScreen;
				INFOPLIST_KEY_UIMainStoryboardFile = Main;
				INFOPLIST_KEY_UISupportedInterfaceOrientations_iPad = "UIInterfaceOrientationPortrait UIInterfaceOrientationPortraitUpsideDown UIInterfaceOrientationLandscapeLeft UIInterfaceOrientationLandscapeRight";
				INFOPLIST_KEY_UISupportedInterfaceOrientations_iPhone = "UIInterfaceOrientationPortrait UIInterfaceOrientationLandscapeLeft UIInterfaceOrientationLandscapeRight";
				LD_RUNPATH_SEARCH_PATHS = (
					"$(inherited)",
					"@executable_path/Frameworks",
				);
				MARKETING_VERSION = 1.0;
				PRODUCT_BUNDLE_IDENTIFIER = resedat.FilmlerApp;
				PRODUCT_NAME = "$(TARGET_NAME)";
				SWIFT_EMIT_LOC_STRINGS = YES;
				SWIFT_VERSION = 5.0;
				TARGETED_DEVICE_FAMILY = "1,2";
			};
			name = Release;
		};
/* End XCBuildConfiguration section */

/* Begin XCConfigurationList section */
		AF9D94922AC0AB49002571BE /* Build configuration list for PBXProject "FilmlerApp" */ = {
			isa = XCConfigurationList;
			buildConfigurations = (
				AF9D94A92AC0AB4A002571BE /* Debug */,
				AF9D94AA2AC0AB4A002571BE /* Release */,
			);
			defaultConfigurationIsVisible = 0;
			defaultConfigurationName = Release;
		};
		AF9D94AB2AC0AB4A002571BE /* Build configuration list for PBXNativeTarget "FilmlerApp" */ = {
			isa = XCConfigurationList;
			buildConfigurations = (
				AF9D94AC2AC0AB4A002571BE /* Debug */,
				AF9D94AD2AC0AB4A002571BE /* Release */,
			);
			defaultConfigurationIsVisible = 0;
			defaultConfigurationName = Release;
		};
/* End XCConfigurationList section */
	};
	rootObject = AF9D948F2AC0AB49002571BE /* Project object */;
}
