// !$*UTF8*$!
{
	archiveVersion = 1;
	classes = {
	};
	objectVersion = 56;
	objects = {

/* Begin PBXBuildFile section */
		AF6B67F62AB50148006169AA /* AppDelegate.swift in Sources */ = {isa = PBXBuildFile; fileRef = AF6B67F52AB50148006169AA /* AppDelegate.swift */; };
		AF6B67F82AB50148006169AA /* SceneDelegate.swift in Sources */ = {isa = PBXBuildFile; fileRef = AF6B67F72AB50148006169AA /* SceneDelegate.swift */; };
		AF6B67FA2AB50148006169AA /* ViewController.swift in Sources */ = {isa = PBXBuildFile; fileRef = AF6B67F92AB50148006169AA /* ViewController.swift */; };
		AF6B67FD2AB50148006169AA /* Main.storyboard in Resources */ = {isa = PBXBuildFile; fileRef = AF6B67FB2AB50148006169AA /* Main.storyboard */; };
		AF6B67FF2AB50149006169AA /* Assets.xcassets in Resources */ = {isa = PBXBuildFile; fileRef = AF6B67FE2AB50149006169AA /* Assets.xcassets */; };
		AF6B68022AB50149006169AA /* LaunchScreen.storyboard in Resources */ = {isa = PBXBuildFile; fileRef = AF6B68002AB50149006169AA /* LaunchScreen.storyboard */; };
		AF6B680D2AB50149006169AA /* Homework3Tests.swift in Sources */ = {isa = PBXBuildFile; fileRef = AF6B680C2AB50149006169AA /* Homework3Tests.swift */; };
		AF6B68172AB50149006169AA /* Homework3UITests.swift in Sources */ = {isa = PBXBuildFile; fileRef = AF6B68162AB50149006169AA /* Homework3UITests.swift */; };
		AF6B68192AB50149006169AA /* Homework3UITestsLaunchTests.swift in Sources */ = {isa = PBXBuildFile; fileRef = AF6B68182AB50149006169AA /* Homework3UITestsLaunchTests.swift */; };
/* End PBXBuildFile section */

/* Begin PBXContainerItemProxy section */
		AF6B68092AB50149006169AA /* PBXContainerItemProxy */ = {
			isa = PBXContainerItemProxy;
			containerPortal = AF6B67EA2AB50148006169AA /* Project object */;
			proxyType = 1;
			remoteGlobalIDString = AF6B67F12AB50148006169AA;
			remoteInfo = Homework3;
		};
		AF6B68132AB50149006169AA /* PBXContainerItemProxy */ = {
			isa = PBXContainerItemProxy;
			containerPortal = AF6B67EA2AB50148006169AA /* Project object */;
			proxyType = 1;
			remoteGlobalIDString = AF6B67F12AB50148006169AA;
			remoteInfo = Homework3;
		};
/* End PBXContainerItemProxy section */

/* Begin PBXFileReference section */
		AF6B67F22AB50148006169AA /* Homework3.app */ = {isa = PBXFileReference; explicitFileType = wrapper.application; includeInIndex = 0; path = Homework3.app; sourceTree = BUILT_PRODUCTS_DIR; };
		AF6B67F52AB50148006169AA /* AppDelegate.swift */ = {isa = PBXFileReference; lastKnownFileType = sourcecode.swift; path = AppDelegate.swift; sourceTree = "<group>"; };
		AF6B67F72AB50148006169AA /* SceneDelegate.swift */ = {isa = PBXFileReference; lastKnownFileType = sourcecode.swift; path = SceneDelegate.swift; sourceTree = "<group>"; };
		AF6B67F92AB50148006169AA /* ViewController.swift */ = {isa = PBXFileReference; lastKnownFileType = sourcecode.swift; path = ViewController.swift; sourceTree = "<group>"; };
		AF6B67FC2AB50148006169AA /* Base */ = {isa = PBXFileReference; lastKnownFileType = file.storyboard; name = Base; path = Base.lproj/Main.storyboard; sourceTree = "<group>"; };
		AF6B67FE2AB50149006169AA /* Assets.xcassets */ = {isa = PBXFileReference; lastKnownFileType = folder.assetcatalog; path = Assets.xcassets; sourceTree = "<group>"; };
		AF6B68012AB50149006169AA /* Base */ = {isa = PBXFileReference; lastKnownFileType = file.storyboard; name = Base; path = Base.lproj/LaunchScreen.storyboard; sourceTree = "<group>"; };
		AF6B68032AB50149006169AA /* Info.plist */ = {isa = PBXFileReference; lastKnownFileType = text.plist.xml; path = Info.plist; sourceTree = "<group>"; };
		AF6B68082AB50149006169AA /* Homework3Tests.xctest */ = {isa = PBXFileReference; explicitFileType = wrapper.cfbundle; includeInIndex = 0; path = Homework3Tests.xctest; sourceTree = BUILT_PRODUCTS_DIR; };
		AF6B680C2AB50149006169AA /* Homework3Tests.swift */ = {isa = PBXFileReference; lastKnownFileType = sourcecode.swift; path = Homework3Tests.swift; sourceTree = "<group>"; };
		AF6B68122AB50149006169AA /* Homework3UITests.xctest */ = {isa = PBXFileReference; explicitFileType = wrapper.cfbundle; includeInIndex = 0; path = Homework3UITests.xctest; sourceTree = BUILT_PRODUCTS_DIR; };
		AF6B68162AB50149006169AA /* Homework3UITests.swift */ = {isa = PBXFileReference; lastKnownFileType = sourcecode.swift; path = Homework3UITests.swift; sourceTree = "<group>"; };
		AF6B68182AB50149006169AA /* Homework3UITestsLaunchTests.swift */ = {isa = PBXFileReference; lastKnownFileType = sourcecode.swift; path = Homework3UITestsLaunchTests.swift; sourceTree = "<group>"; };
/* End PBXFileReference section */

/* Begin PBXFrameworksBuildPhase section */
		AF6B67EF2AB50148006169AA /* Frameworks */ = {
			isa = PBXFrameworksBuildPhase;
			buildActionMask = 2147483647;
			files = (
			);
			runOnlyForDeploymentPostprocessing = 0;
		};
		AF6B68052AB50149006169AA /* Frameworks */ = {
			isa = PBXFrameworksBuildPhase;
			buildActionMask = 2147483647;
			files = (
			);
			runOnlyForDeploymentPostprocessing = 0;
		};
		AF6B680F2AB50149006169AA /* Frameworks */ = {
			isa = PBXFrameworksBuildPhase;
			buildActionMask = 2147483647;
			files = (
			);
			runOnlyForDeploymentPostprocessing = 0;
		};
/* End PBXFrameworksBuildPhase section */

/* Begin PBXGroup section */
		AF6B67E92AB50148006169AA = {
			isa = PBXGroup;
			children = (
				AF6B67F42AB50148006169AA /* Homework3 */,
				AF6B680B2AB50149006169AA /* Homework3Tests */,
				AF6B68152AB50149006169AA /* Homework3UITests */,
				AF6B67F32AB50148006169AA /* Products */,
			);
			sourceTree = "<group>";
		};
		AF6B67F32AB50148006169AA /* Products */ = {
			isa = PBXGroup;
			children = (
				AF6B67F22AB50148006169AA /* Homework3.app */,
				AF6B68082AB50149006169AA /* Homework3Tests.xctest */,
				AF6B68122AB50149006169AA /* Homework3UITests.xctest */,
			);
			name = Products;
			sourceTree = "<group>";
		};
		AF6B67F42AB50148006169AA /* Homework3 */ = {
			isa = PBXGroup;
			children = (
				AF6B67F52AB50148006169AA /* AppDelegate.swift */,
				AF6B67F72AB50148006169AA /* SceneDelegate.swift */,
				AF6B67F92AB50148006169AA /* ViewController.swift */,
				AF6B67FB2AB50148006169AA /* Main.storyboard */,
				AF6B67FE2AB50149006169AA /* Assets.xcassets */,
				AF6B68002AB50149006169AA /* LaunchScreen.storyboard */,
				AF6B68032AB50149006169AA /* Info.plist */,
			);
			path = Homework3;
			sourceTree = "<group>";
		};
		AF6B680B2AB50149006169AA /* Homework3Tests */ = {
			isa = PBXGroup;
			children = (
				AF6B680C2AB50149006169AA /* Homework3Tests.swift */,
			);
			path = Homework3Tests;
			sourceTree = "<group>";
		};
		AF6B68152AB50149006169AA /* Homework3UITests */ = {
			isa = PBXGroup;
			children = (
				AF6B68162AB50149006169AA /* Homework3UITests.swift */,
				AF6B68182AB50149006169AA /* Homework3UITestsLaunchTests.swift */,
			);
			path = Homework3UITests;
			sourceTree = "<group>";
		};
/* End PBXGroup section */

/* Begin PBXNativeTarget section */
		AF6B67F12AB50148006169AA /* Homework3 */ = {
			isa = PBXNativeTarget;
			buildConfigurationList = AF6B681C2AB50149006169AA /* Build configuration list for PBXNativeTarget "Homework3" */;
			buildPhases = (
				AF6B67EE2AB50148006169AA /* Sources */,
				AF6B67EF2AB50148006169AA /* Frameworks */,
				AF6B67F02AB50148006169AA /* Resources */,
			);
			buildRules = (
			);
			dependencies = (
			);
			name = Homework3;
			productName = Homework3;
			productReference = AF6B67F22AB50148006169AA /* Homework3.app */;
			productType = "com.apple.product-type.application";
		};
		AF6B68072AB50149006169AA /* Homework3Tests */ = {
			isa = PBXNativeTarget;
			buildConfigurationList = AF6B681F2AB50149006169AA /* Build configuration list for PBXNativeTarget "Homework3Tests" */;
			buildPhases = (
				AF6B68042AB50149006169AA /* Sources */,
				AF6B68052AB50149006169AA /* Frameworks */,
				AF6B68062AB50149006169AA /* Resources */,
			);
			buildRules = (
			);
			dependencies = (
				AF6B680A2AB50149006169AA /* PBXTargetDependency */,
			);
			name = Homework3Tests;
			productName = Homework3Tests;
			productReference = AF6B68082AB50149006169AA /* Homework3Tests.xctest */;
			productType = "com.apple.product-type.bundle.unit-test";
		};
		AF6B68112AB50149006169AA /* Homework3UITests */ = {
			isa = PBXNativeTarget;
			buildConfigurationList = AF6B68222AB50149006169AA /* Build configuration list for PBXNativeTarget "Homework3UITests" */;
			buildPhases = (
				AF6B680E2AB50149006169AA /* Sources */,
				AF6B680F2AB50149006169AA /* Frameworks */,
				AF6B68102AB50149006169AA /* Resources */,
			);
			buildRules = (
			);
			dependencies = (
				AF6B68142AB50149006169AA /* PBXTargetDependency */,
			);
			name = Homework3UITests;
			productName = Homework3UITests;
			productReference = AF6B68122AB50149006169AA /* Homework3UITests.xctest */;
			productType = "com.apple.product-type.bundle.ui-testing";
		};
/* End PBXNativeTarget section */

/* Begin PBXProject section */
		AF6B67EA2AB50148006169AA /* Project object */ = {
			isa = PBXProject;
			attributes = {
				BuildIndependentTargetsInParallel = 1;
				LastSwiftUpdateCheck = 1500;
				LastUpgradeCheck = 1500;
				TargetAttributes = {
					AF6B67F12AB50148006169AA = {
						CreatedOnToolsVersion = 15.0;
					};
					AF6B68072AB50149006169AA = {
						CreatedOnToolsVersion = 15.0;
						TestTargetID = AF6B67F12AB50148006169AA;
					};
					AF6B68112AB50149006169AA = {
						CreatedOnToolsVersion = 15.0;
						TestTargetID = AF6B67F12AB50148006169AA;
					};
				};
			};
			buildConfigurationList = AF6B67ED2AB50148006169AA /* Build configuration list for PBXProject "Homework3" */;
			compatibilityVersion = "Xcode 14.0";
			developmentRegion = en;
			hasScannedForEncodings = 0;
			knownRegions = (
				en,
				Base,
			);
			mainGroup = AF6B67E92AB50148006169AA;
			productRefGroup = AF6B67F32AB50148006169AA /* Products */;
			projectDirPath = "";
			projectRoot = "";
			targets = (
				AF6B67F12AB50148006169AA /* Homework3 */,
				AF6B68072AB50149006169AA /* Homework3Tests */,
				AF6B68112AB50149006169AA /* Homework3UITests */,
			);
		};
/* End PBXProject section */

/* Begin PBXResourcesBuildPhase section */
		AF6B67F02AB50148006169AA /* Resources */ = {
			isa = PBXResourcesBuildPhase;
			buildActionMask = 2147483647;
			files = (
				AF6B68022AB50149006169AA /* LaunchScreen.storyboard in Resources */,
				AF6B67FF2AB50149006169AA /* Assets.xcassets in Resources */,
				AF6B67FD2AB50148006169AA /* Main.storyboard in Resources */,
			);
			runOnlyForDeploymentPostprocessing = 0;
		};
		AF6B68062AB50149006169AA /* Resources */ = {
			isa = PBXResourcesBuildPhase;
			buildActionMask = 2147483647;
			files = (
			);
			runOnlyForDeploymentPostprocessing = 0;
		};
		AF6B68102AB50149006169AA /* Resources */ = {
			isa = PBXResourcesBuildPhase;
			buildActionMask = 2147483647;
			files = (
			);
			runOnlyForDeploymentPostprocessing = 0;
		};
/* End PBXResourcesBuildPhase section */

/* Begin PBXSourcesBuildPhase section */
		AF6B67EE2AB50148006169AA /* Sources */ = {
			isa = PBXSourcesBuildPhase;
			buildActionMask = 2147483647;
			files = (
				AF6B67FA2AB50148006169AA /* ViewController.swift in Sources */,
				AF6B67F62AB50148006169AA /* AppDelegate.swift in Sources */,
				AF6B67F82AB50148006169AA /* SceneDelegate.swift in Sources */,
			);
			runOnlyForDeploymentPostprocessing = 0;
		};
		AF6B68042AB50149006169AA /* Sources */ = {
			isa = PBXSourcesBuildPhase;
			buildActionMask = 2147483647;
			files = (
				AF6B680D2AB50149006169AA /* Homework3Tests.swift in Sources */,
			);
			runOnlyForDeploymentPostprocessing = 0;
		};
		AF6B680E2AB50149006169AA /* Sources */ = {
			isa = PBXSourcesBuildPhase;
			buildActionMask = 2147483647;
			files = (
				AF6B68192AB50149006169AA /* Homework3UITestsLaunchTests.swift in Sources */,
				AF6B68172AB50149006169AA /* Homework3UITests.swift in Sources */,
			);
			runOnlyForDeploymentPostprocessing = 0;
		};
/* End PBXSourcesBuildPhase section */

/* Begin PBXTargetDependency section */
		AF6B680A2AB50149006169AA /* PBXTargetDependency */ = {
			isa = PBXTargetDependency;
			target = AF6B67F12AB50148006169AA /* Homework3 */;
			targetProxy = AF6B68092AB50149006169AA /* PBXContainerItemProxy */;
		};
		AF6B68142AB50149006169AA /* PBXTargetDependency */ = {
			isa = PBXTargetDependency;
			target = AF6B67F12AB50148006169AA /* Homework3 */;
			targetProxy = AF6B68132AB50149006169AA /* PBXContainerItemProxy */;
		};
/* End PBXTargetDependency section */

/* Begin PBXVariantGroup section */
		AF6B67FB2AB50148006169AA /* Main.storyboard */ = {
			isa = PBXVariantGroup;
			children = (
				AF6B67FC2AB50148006169AA /* Base */,
			);
			name = Main.storyboard;
			sourceTree = "<group>";
		};
		AF6B68002AB50149006169AA /* LaunchScreen.storyboard */ = {
			isa = PBXVariantGroup;
			children = (
				AF6B68012AB50149006169AA /* Base */,
			);
			name = LaunchScreen.storyboard;
			sourceTree = "<group>";
		};
/* End PBXVariantGroup section */

/* Begin XCBuildConfiguration section */
		AF6B681A2AB50149006169AA /* Debug */ = {
			isa = XCBuildConfiguration;
			buildSettings = {
				ALWAYS_SEARCH_USER_PATHS = NO;
				ASSETCATALOG_COMPILER_GENERATE_SWIFT_ASSET_SYMBOL_EXTENSIONS = YES;
				CLANG_ANALYZER_NONNULL = YES;
				CLANG_ANALYZER_NUMBER_OBJECT_CONVERSION = YES_AGGRESSIVE;
				CLANG_CXX_LANGUAGE_STANDARD = "gnu++20";
				CLANG_ENABLE_MODULES = YES;
				CLANG_ENABLE_OBJC_ARC = YES;
				CLANG_ENABLE_OBJC_WEAK = YES;
				CLANG_WARN_BLOCK_CAPTURE_AUTORELEASING = YES;
				CLANG_WARN_BOOL_CONVERSION = YES;
				CLANG_WARN_COMMA = YES;
				CLANG_WARN_CONSTANT_CONVERSION = YES;
				CLANG_WARN_DEPRECATED_OBJC_IMPLEMENTATIONS = YES;
				CLANG_WARN_DIRECT_OBJC_ISA_USAGE = YES_ERROR;
				CLANG_WARN_DOCUMENTATION_COMMENTS = YES;
				CLANG_WARN_EMPTY_BODY = YES;
				CLANG_WARN_ENUM_CONVERSION = YES;
				CLANG_WARN_INFINITE_RECURSION = YES;
				CLANG_WARN_INT_CONVERSION = YES;
				CLANG_WARN_NON_LITERAL_NULL_CONVERSION = YES;
				CLANG_WARN_OBJC_IMPLICIT_RETAIN_SELF = YES;
				CLANG_WARN_OBJC_LITERAL_CONVERSION = YES;
				CLANG_WARN_OBJC_ROOT_CLASS = YES_ERROR;
				CLANG_WARN_QUOTED_INCLUDE_IN_FRAMEWORK_HEADER = YES;
				CLANG_WARN_RANGE_LOOP_ANALYSIS = YES;
				CLANG_WARN_STRICT_PROTOTYPES = YES;
				CLANG_WARN_SUSPICIOUS_MOVE = YES;
				CLANG_WARN_UNGUARDED_AVAILABILITY = YES_AGGRESSIVE;
				CLANG_WARN_UNREACHABLE_CODE = YES;
				CLANG_WARN__DUPLICATE_METHOD_MATCH = YES;
				COPY_PHASE_STRIP = NO;
				DEBUG_INFORMATION_FORMAT = dwarf;
				ENABLE_STRICT_OBJC_MSGSEND = YES;
				ENABLE_TESTABILITY = YES;
				ENABLE_USER_SCRIPT_SANDBOXING = YES;
				GCC_C_LANGUAGE_STANDARD = gnu17;
				GCC_DYNAMIC_NO_PIC = NO;
				GCC_NO_COMMON_BLOCKS = YES;
				GCC_OPTIMIZATION_LEVEL = 0;
				GCC_PREPROCESSOR_DEFINITIONS = (
					"DEBUG=1",
					"$(inherited)",
				);
				GCC_WARN_64_TO_32_BIT_CONVERSION = YES;
				GCC_WARN_ABOUT_RETURN_TYPE = YES_ERROR;
				GCC_WARN_UNDECLARED_SELECTOR = YES;
				GCC_WARN_UNINITIALIZED_AUTOS = YES_AGGRESSIVE;
				GCC_WARN_UNUSED_FUNCTION = YES;
				GCC_WARN_UNUSED_VARIABLE = YES;
				IPHONEOS_DEPLOYMENT_TARGET = 17.0;
				LOCALIZATION_PREFERS_STRING_CATALOGS = YES;
				MTL_ENABLE_DEBUG_INFO = INCLUDE_SOURCE;
				MTL_FAST_MATH = YES;
				ONLY_ACTIVE_ARCH = YES;
				SDKROOT = iphoneos;
				SWIFT_ACTIVE_COMPILATION_CONDITIONS = "DEBUG $(inherited)";
				SWIFT_OPTIMIZATION_LEVEL = "-Onone";
			};
			name = Debug;
		};
		AF6B681B2AB50149006169AA /* Release */ = {
			isa = XCBuildConfiguration;
			buildSettings = {
				ALWAYS_SEARCH_USER_PATHS = NO;
				ASSETCATALOG_COMPILER_GENERATE_SWIFT_ASSET_SYMBOL_EXTENSIONS = YES;
				CLANG_ANALYZER_NONNULL = YES;
				CLANG_ANALYZER_NUMBER_OBJECT_CONVERSION = YES_AGGRESSIVE;
				CLANG_CXX_LANGUAGE_STANDARD = "gnu++20";
				CLANG_ENABLE_MODULES = YES;
				CLANG_ENABLE_OBJC_ARC = YES;
				CLANG_ENABLE_OBJC_WEAK = YES;
				CLANG_WARN_BLOCK_CAPTURE_AUTORELEASING = YES;
				CLANG_WARN_BOOL_CONVERSION = YES;
				CLANG_WARN_COMMA = YES;
				CLANG_WARN_CONSTANT_CONVERSION = YES;
				CLANG_WARN_DEPRECATED_OBJC_IMPLEMENTATIONS = YES;
				CLANG_WARN_DIRECT_OBJC_ISA_USAGE = YES_ERROR;
				CLANG_WARN_DOCUMENTATION_COMMENTS = YES;
				CLANG_WARN_EMPTY_BODY = YES;
				CLANG_WARN_ENUM_CONVERSION = YES;
				CLANG_WARN_INFINITE_RECURSION = YES;
				CLANG_WARN_INT_CONVERSION = YES;
				CLANG_WARN_NON_LITERAL_NULL_CONVERSION = YES;
				CLANG_WARN_OBJC_IMPLICIT_RETAIN_SELF = YES;
				CLANG_WARN_OBJC_LITERAL_CONVERSION = YES;
				CLANG_WARN_OBJC_ROOT_CLASS = YES_ERROR;
				CLANG_WARN_QUOTED_INCLUDE_IN_FRAMEWORK_HEADER = YES;
				CLANG_WARN_RANGE_LOOP_ANALYSIS = YES;
				CLANG_WARN_STRICT_PROTOTYPES = YES;
				CLANG_WARN_SUSPICIOUS_MOVE = YES;
				CLANG_WARN_UNGUARDED_AVAILABILITY = YES_AGGRESSIVE;
				CLANG_WARN_UNREACHABLE_CODE = YES;
				CLANG_WARN__DUPLICATE_METHOD_MATCH = YES;
				COPY_PHASE_STRIP = NO;
				DEBUG_INFORMATION_FORMAT = "dwarf-with-dsym";
				ENABLE_NS_ASSERTIONS = NO;
				ENABLE_STRICT_OBJC_MSGSEND = YES;
				ENABLE_USER_SCRIPT_SANDBOXING = YES;
				GCC_C_LANGUAGE_STANDARD = gnu17;
				GCC_NO_COMMON_BLOCKS = YES;
				GCC_WARN_64_TO_32_BIT_CONVERSION = YES;
				GCC_WARN_ABOUT_RETURN_TYPE = YES_ERROR;
				GCC_WARN_UNDECLARED_SELECTOR = YES;
				GCC_WARN_UNINITIALIZED_AUTOS = YES_AGGRESSIVE;
				GCC_WARN_UNUSED_FUNCTION = YES;
				GCC_WARN_UNUSED_VARIABLE = YES;
				IPHONEOS_DEPLOYMENT_TARGET = 17.0;
				LOCALIZATION_PREFERS_STRING_CATALOGS = YES;
				MTL_ENABLE_DEBUG_INFO = NO;
				MTL_FAST_MATH = YES;
				SDKROOT = iphoneos;
				SWIFT_COMPILATION_MODE = wholemodule;
				VALIDATE_PRODUCT = YES;
			};
			name = Release;
		};
		AF6B681D2AB50149006169AA /* Debug */ = {
			isa = XCBuildConfiguration;
			buildSettings = {
				ASSETCATALOG_COMPILER_APPICON_NAME = AppIcon;
				ASSETCATALOG_COMPILER_GLOBAL_ACCENT_COLOR_NAME = AccentColor;
				CODE_SIGN_STYLE = Automatic;
				CURRENT_PROJECT_VERSION = 1;
				GENERATE_INFOPLIST_FILE = YES;
				INFOPLIST_FILE = Homework3/Info.plist;
				INFOPLIST_KEY_UIApplicationSupportsIndirectInputEvents = YES;
				INFOPLIST_KEY_UILaunchStoryboardName = LaunchScreen;
				INFOPLIST_KEY_UIMainStoryboardFile = Main;
				INFOPLIST_KEY_UISupportedInterfaceOrientations_iPad = "UIInterfaceOrientationPortrait UIInterfaceOrientationPortraitUpsideDown UIInterfaceOrientationLandscapeLeft UIInterfaceOrientationLandscapeRight";
				INFOPLIST_KEY_UISupportedInterfaceOrientations_iPhone = "UIInterfaceOrientationPortrait UIInterfaceOrientationLandscapeLeft UIInterfaceOrientationLandscapeRight";
				LD_RUNPATH_SEARCH_PATHS = (
					"$(inherited)",
					"@executable_path/Frameworks",
				);
				MARKETING_VERSION = 1.0;
				PRODUCT_BUNDLE_IDENTIFIER = resedat.Homework3;
				PRODUCT_NAME = "$(TARGET_NAME)";
				SWIFT_EMIT_LOC_STRINGS = YES;
				SWIFT_VERSION = 5.0;
				TARGETED_DEVICE_FAMILY = "1,2";
			};
			name = Debug;
		};
		AF6B681E2AB50149006169AA /* Release */ = {
			isa = XCBuildConfiguration;
			buildSettings = {
				ASSETCATALOG_COMPILER_APPICON_NAME = AppIcon;
				ASSETCATALOG_COMPILER_GLOBAL_ACCENT_COLOR_NAME = AccentColor;
				CODE_SIGN_STYLE = Automatic;
				CURRENT_PROJECT_VERSION = 1;
				GENERATE_INFOPLIST_FILE = YES;
				INFOPLIST_FILE = Homework3/Info.plist;
				INFOPLIST_KEY_UIApplicationSupportsIndirectInputEvents = YES;
				INFOPLIST_KEY_UILaunchStoryboardName = LaunchScreen;
				INFOPLIST_KEY_UIMainStoryboardFile = Main;
				INFOPLIST_KEY_UISupportedInterfaceOrientations_iPad = "UIInterfaceOrientationPortrait UIInterfaceOrientationPortraitUpsideDown UIInterfaceOrientationLandscapeLeft UIInterfaceOrientationLandscapeRight";
				INFOPLIST_KEY_UISupportedInterfaceOrientations_iPhone = "UIInterfaceOrientationPortrait UIInterfaceOrientationLandscapeLeft UIInterfaceOrientationLandscapeRight";
				LD_RUNPATH_SEARCH_PATHS = (
					"$(inherited)",
					"@executable_path/Frameworks",
				);
				MARKETING_VERSION = 1.0;
				PRODUCT_BUNDLE_IDENTIFIER = resedat.Homework3;
				PRODUCT_NAME = "$(TARGET_NAME)";
				SWIFT_EMIT_LOC_STRINGS = YES;
				SWIFT_VERSION = 5.0;
				TARGETED_DEVICE_FAMILY = "1,2";
			};
			name = Release;
		};
		AF6B68202AB50149006169AA /* Debug */ = {
			isa = XCBuildConfiguration;
			buildSettings = {
				ALWAYS_EMBED_SWIFT_STANDARD_LIBRARIES = YES;
				BUNDLE_LOADER = "$(TEST_HOST)";
				CODE_SIGN_STYLE = Automatic;
				CURRENT_PROJECT_VERSION = 1;
				GENERATE_INFOPLIST_FILE = YES;
				IPHONEOS_DEPLOYMENT_TARGET = 17.0;
				MARKETING_VERSION = 1.0;
				PRODUCT_BUNDLE_IDENTIFIER = resedat.Homework3Tests;
				PRODUCT_NAME = "$(TARGET_NAME)";
				SWIFT_EMIT_LOC_STRINGS = NO;
				SWIFT_VERSION = 5.0;
				TARGETED_DEVICE_FAMILY = "1,2";
				TEST_HOST = "$(BUILT_PRODUCTS_DIR)/Homework3.app/$(BUNDLE_EXECUTABLE_FOLDER_PATH)/Homework3";
			};
			name = Debug;
		};
		AF6B68212AB50149006169AA /* Release */ = {
			isa = XCBuildConfiguration;
			buildSettings = {
				ALWAYS_EMBED_SWIFT_STANDARD_LIBRARIES = YES;
				BUNDLE_LOADER = "$(TEST_HOST)";
				CODE_SIGN_STYLE = Automatic;
				CURRENT_PROJECT_VERSION = 1;
				GENERATE_INFOPLIST_FILE = YES;
				IPHONEOS_DEPLOYMENT_TARGET = 17.0;
				MARKETING_VERSION = 1.0;
				PRODUCT_BUNDLE_IDENTIFIER = resedat.Homework3Tests;
				PRODUCT_NAME = "$(TARGET_NAME)";
				SWIFT_EMIT_LOC_STRINGS = NO;
				SWIFT_VERSION = 5.0;
				TARGETED_DEVICE_FAMILY = "1,2";
				TEST_HOST = "$(BUILT_PRODUCTS_DIR)/Homework3.app/$(BUNDLE_EXECUTABLE_FOLDER_PATH)/Homework3";
			};
			name = Release;
		};
		AF6B68232AB50149006169AA /* Debug */ = {
			isa = XCBuildConfiguration;
			buildSettings = {
				ALWAYS_EMBED_SWIFT_STANDARD_LIBRARIES = YES;
				CODE_SIGN_STYLE = Automatic;
				CURRENT_PROJECT_VERSION = 1;
				GENERATE_INFOPLIST_FILE = YES;
				MARKETING_VERSION = 1.0;
				PRODUCT_BUNDLE_IDENTIFIER = resedat.Homework3UITests;
				PRODUCT_NAME = "$(TARGET_NAME)";
				SWIFT_EMIT_LOC_STRINGS = NO;
				SWIFT_VERSION = 5.0;
				TARGETED_DEVICE_FAMILY = "1,2";
				TEST_TARGET_NAME = Homework3;
			};
			name = Debug;
		};
		AF6B68242AB50149006169AA /* Release */ = {
			isa = XCBuildConfiguration;
			buildSettings = {
				ALWAYS_EMBED_SWIFT_STANDARD_LIBRARIES = YES;
				CODE_SIGN_STYLE = Automatic;
				CURRENT_PROJECT_VERSION = 1;
				GENERATE_INFOPLIST_FILE = YES;
				MARKETING_VERSION = 1.0;
				PRODUCT_BUNDLE_IDENTIFIER = resedat.Homework3UITests;
				PRODUCT_NAME = "$(TARGET_NAME)";
				SWIFT_EMIT_LOC_STRINGS = NO;
				SWIFT_VERSION = 5.0;
				TARGETED_DEVICE_FAMILY = "1,2";
				TEST_TARGET_NAME = Homework3;
			};
			name = Release;
		};
/* End XCBuildConfiguration section */

/* Begin XCConfigurationList section */
		AF6B67ED2AB50148006169AA /* Build configuration list for PBXProject "Homework3" */ = {
			isa = XCConfigurationList;
			buildConfigurations = (
				AF6B681A2AB50149006169AA /* Debug */,
				AF6B681B2AB50149006169AA /* Release */,
			);
			defaultConfigurationIsVisible = 0;
			defaultConfigurationName = Release;
		};
		AF6B681C2AB50149006169AA /* Build configuration list for PBXNativeTarget "Homework3" */ = {
			isa = XCConfigurationList;
			buildConfigurations = (
				AF6B681D2AB50149006169AA /* Debug */,
				AF6B681E2AB50149006169AA /* Release */,
			);
			defaultConfigurationIsVisible = 0;
			defaultConfigurationName = Release;
		};
		AF6B681F2AB50149006169AA /* Build configuration list for PBXNativeTarget "Homework3Tests" */ = {
			isa = XCConfigurationList;
			buildConfigurations = (
				AF6B68202AB50149006169AA /* Debug */,
				AF6B68212AB50149006169AA /* Release */,
			);
			defaultConfigurationIsVisible = 0;
			defaultConfigurationName = Release;
		};
		AF6B68222AB50149006169AA /* Build configuration list for PBXNativeTarget "Homework3UITests" */ = {
			isa = XCConfigurationList;
			buildConfigurations = (
				AF6B68232AB50149006169AA /* Debug */,
				AF6B68242AB50149006169AA /* Release */,
			);
			defaultConfigurationIsVisible = 0;
			defaultConfigurationName = Release;
		};
/* End XCConfigurationList section */
	};
	rootObject = AF6B67EA2AB50148006169AA /* Project object */;
}
